// !$*UTF8*$!
{
	archiveVersion = 1;
	classes = {
	};
	objectVersion = 50;
	objects = {

/* Begin PBXBuildFile section */
		2866C3FC247C421B00243C28 /* 1 Find the element that appears once in sorted array.cpp in Sources */ = {isa = PBXBuildFile; fileRef = 2866C3FB247C421B00243C28 /* 1 Find the element that appears once in sorted array.cpp */; };
		2866C3FE247D497C00243C28 /* 7 Find peak element in bitonic array.cpp in Sources */ = {isa = PBXBuildFile; fileRef = 2866C3FD247D497C00243C28 /* 7 Find peak element in bitonic array.cpp */; };
		2866C400247D49AE00243C28 /* 8 Find any peak element in an array.cpp in Sources */ = {isa = PBXBuildFile; fileRef = 2866C3FF247D49AE00243C28 /* 8 Find any peak element in an array.cpp */; };
		28ABEC2B247EA5E50002539A /* 0.1 MergeSort.cpp in Sources */ = {isa = PBXBuildFile; fileRef = 28ABEC2A247EA5E50002539A /* 0.1 MergeSort.cpp */; };
		28ABEC36248006F90002539A /* 0.1 QuickSort.cpp in Sources */ = {isa = PBXBuildFile; fileRef = 28ABEC35248006F90002539A /* 0.1 QuickSort.cpp */; };
		28EDE795246BE457001DBA4F /* temp.cpp in Sources */ = {isa = PBXBuildFile; fileRef = 28EDE794246BE457001DBA4F /* temp.cpp */; };
		28EDE797246DF63F001DBA4F /* 11.1 Allocate minimum number of pages .cpp in Sources */ = {isa = PBXBuildFile; fileRef = 28EDE796246DF63F001DBA4F /* 11.1 Allocate minimum number of pages .cpp */; };
		28EDE799246E8204001DBA4F /* 12 The Painter's Partition Problem.cpp in Sources */ = {isa = PBXBuildFile; fileRef = 28EDE798246E8204001DBA4F /* 12 The Painter's Partition Problem.cpp */; };
		28FAF4AF246AD48100FCCA78 /* startingFile.cpp in Sources */ = {isa = PBXBuildFile; fileRef = 28FAF4AE246AD48100FCCA78 /* startingFile.cpp */; };
		28FAF4D8246AD78B00FCCA78 /* 10 Aggressive cows.cpp in Sources */ = {isa = PBXBuildFile; fileRef = 28FAF4CB246AD78B00FCCA78 /* 10 Aggressive cows.cpp */; };
		28FAF4D9246AD78B00FCCA78 /* 8.2 Exponentiation using BS.cpp in Sources */ = {isa = PBXBuildFile; fileRef = 28FAF4CC246AD78B00FCCA78 /* 8.2 Exponentiation using BS.cpp */; };
		28FAF4DA246AD78B00FCCA78 /* 11 BOOKS1 - Copying Books.cpp in Sources */ = {isa = PBXBuildFile; fileRef = 28FAF4CD246AD78B00FCCA78 /* 11 BOOKS1 - Copying Books.cpp */; };
		28FAF4DB246AD78B00FCCA78 /* 0.2 UpperLowerBound.cpp in Sources */ = {isa = PBXBuildFile; fileRef = 28FAF4CE246AD78B00FCCA78 /* 0.2 UpperLowerBound.cpp */; };
		28FAF4DC246AD78B00FCCA78 /* 2 PivotElement.cpp in Sources */ = {isa = PBXBuildFile; fileRef = 28FAF4CF246AD78B00FCCA78 /* 2 PivotElement.cpp */; };
		28FAF4DD246AD78B00FCCA78 /* 5 Rotation Count in Rotated Sorted array.cpp in Sources */ = {isa = PBXBuildFile; fileRef = 28FAF4D0246AD78B00FCCA78 /* 5 Rotation Count in Rotated Sorted array.cpp */; };
		28FAF4DE246AD78B00FCCA78 /* 6 Count elements <= X in a rotated array.cpp in Sources */ = {isa = PBXBuildFile; fileRef = 28FAF4D1246AD78B00FCCA78 /* 6 Count elements <= X in a rotated array.cpp */; };
		28FAF4DF246AD78B00FCCA78 /* 3 Search in a Rotated Array.cpp in Sources */ = {isa = PBXBuildFile; fileRef = 28FAF4D2246AD78B00FCCA78 /* 3 Search in a Rotated Array.cpp */; };
		28FAF4E0246AD78B00FCCA78 /* 4 Search in a Rotated Array w duplicates.cpp in Sources */ = {isa = PBXBuildFile; fileRef = 28FAF4D3246AD78B00FCCA78 /* 4 Search in a Rotated Array w duplicates.cpp */; };
		28FAF4E1246AD78B00FCCA78 /* 0.1 binarySearch.cpp in Sources */ = {isa = PBXBuildFile; fileRef = 28FAF4D4246AD78B00FCCA78 /* 0.1 binarySearch.cpp */; };
		28FAF4E2246AD78B00FCCA78 /* 0.3 STL UpperLowerBound.cpp in Sources */ = {isa = PBXBuildFile; fileRef = 28FAF4D5246AD78B00FCCA78 /* 0.3 STL UpperLowerBound.cpp */; };
		28FAF4E3246AD78B00FCCA78 /* 9 Bishu And Soldiers.cpp in Sources */ = {isa = PBXBuildFile; fileRef = 28FAF4D6246AD78B00FCCA78 /* 9 Bishu And Soldiers.cpp */; };
		28FAF4E4246AD78B00FCCA78 /* 8.1 Square Root using BS.cpp in Sources */ = {isa = PBXBuildFile; fileRef = 28FAF4D7246AD78B00FCCA78 /* 8.1 Square Root using BS.cpp */; };
/* End PBXBuildFile section */

/* Begin PBXCopyFilesBuildPhase section */
		28ABEC26247EA5E40002539A /* CopyFiles */ = {
			isa = PBXCopyFilesBuildPhase;
			buildActionMask = 2147483647;
			dstPath = /usr/share/man/man1/;
			dstSubfolderSpec = 0;
			files = (
			);
			runOnlyForDeploymentPostprocessing = 1;
		};
		28ABEC31248006F90002539A /* CopyFiles */ = {
			isa = PBXCopyFilesBuildPhase;
			buildActionMask = 2147483647;
			dstPath = /usr/share/man/man1/;
			dstSubfolderSpec = 0;
			files = (
			);
			runOnlyForDeploymentPostprocessing = 1;
		};
		28FAF4A9246AD48100FCCA78 /* CopyFiles */ = {
			isa = PBXCopyFilesBuildPhase;
			buildActionMask = 2147483647;
			dstPath = /usr/share/man/man1/;
			dstSubfolderSpec = 0;
			files = (
			);
			runOnlyForDeploymentPostprocessing = 1;
		};
		28FAF4C2246AD6F000FCCA78 /* CopyFiles */ = {
			isa = PBXCopyFilesBuildPhase;
			buildActionMask = 2147483647;
			dstPath = /usr/share/man/man1/;
			dstSubfolderSpec = 0;
			files = (
			);
			runOnlyForDeploymentPostprocessing = 1;
		};
/* End PBXCopyFilesBuildPhase section */

/* Begin PBXFileReference section */
		2866C3FB247C421B00243C28 /* 1 Find the element that appears once in sorted array.cpp */ = {isa = PBXFileReference; lastKnownFileType = sourcecode.cpp.cpp; path = "1 Find the element that appears once in sorted array.cpp"; sourceTree = "<group>"; };
		2866C3FD247D497C00243C28 /* 7 Find peak element in bitonic array.cpp */ = {isa = PBXFileReference; lastKnownFileType = sourcecode.cpp.cpp; path = "7 Find peak element in bitonic array.cpp"; sourceTree = "<group>"; };
		2866C3FF247D49AE00243C28 /* 8 Find any peak element in an array.cpp */ = {isa = PBXFileReference; lastKnownFileType = sourcecode.cpp.cpp; path = "8 Find any peak element in an array.cpp"; sourceTree = "<group>"; };
		28ABEC28247EA5E40002539A /* MergeSort */ = {isa = PBXFileReference; explicitFileType = "compiled.mach-o.executable"; includeInIndex = 0; path = MergeSort; sourceTree = BUILT_PRODUCTS_DIR; };
		28ABEC2A247EA5E50002539A /* 0.1 MergeSort.cpp */ = {isa = PBXFileReference; lastKnownFileType = sourcecode.cpp.cpp; path = "0.1 MergeSort.cpp"; sourceTree = "<group>"; };
		28ABEC33248006F90002539A /* QuickSort */ = {isa = PBXFileReference; explicitFileType = "compiled.mach-o.executable"; includeInIndex = 0; path = QuickSort; sourceTree = BUILT_PRODUCTS_DIR; };
		28ABEC35248006F90002539A /* 0.1 QuickSort.cpp */ = {isa = PBXFileReference; lastKnownFileType = sourcecode.cpp.cpp; path = "0.1 QuickSort.cpp"; sourceTree = "<group>"; };
		28EDE794246BE457001DBA4F /* temp.cpp */ = {isa = PBXFileReference; lastKnownFileType = sourcecode.cpp.cpp; path = temp.cpp; sourceTree = "<group>"; };
		28EDE796246DF63F001DBA4F /* 11.1 Allocate minimum number of pages .cpp */ = {isa = PBXFileReference; lastKnownFileType = sourcecode.cpp.cpp; path = "11.1 Allocate minimum number of pages .cpp"; sourceTree = "<group>"; };
		28EDE798246E8204001DBA4F /* 12 The Painter's Partition Problem.cpp */ = {isa = PBXFileReference; lastKnownFileType = sourcecode.cpp.cpp; path = "12 The Painter's Partition Problem.cpp"; sourceTree = "<group>"; };
		28FAF4AB246AD48100FCCA78 /* Algorithms */ = {isa = PBXFileReference; explicitFileType = "compiled.mach-o.executable"; includeInIndex = 0; path = Algorithms; sourceTree = BUILT_PRODUCTS_DIR; };
		28FAF4AE246AD48100FCCA78 /* startingFile.cpp */ = {isa = PBXFileReference; lastKnownFileType = sourcecode.cpp.cpp; path = startingFile.cpp; sourceTree = "<group>"; };
		28FAF4C4246AD6F000FCCA78 /* Binary Search */ = {isa = PBXFileReference; explicitFileType = "compiled.mach-o.executable"; includeInIndex = 0; path = "Binary Search"; sourceTree = BUILT_PRODUCTS_DIR; };
		28FAF4CB246AD78B00FCCA78 /* 10 Aggressive cows.cpp */ = {isa = PBXFileReference; fileEncoding = 4; lastKnownFileType = sourcecode.cpp.cpp; path = "10 Aggressive cows.cpp"; sourceTree = "<group>"; };
		28FAF4CC246AD78B00FCCA78 /* 8.2 Exponentiation using BS.cpp */ = {isa = PBXFileReference; fileEncoding = 4; lastKnownFileType = sourcecode.cpp.cpp; path = "8.2 Exponentiation using BS.cpp"; sourceTree = "<group>"; };
		28FAF4CD246AD78B00FCCA78 /* 11 BOOKS1 - Copying Books.cpp */ = {isa = PBXFileReference; fileEncoding = 4; lastKnownFileType = sourcecode.cpp.cpp; path = "11 BOOKS1 - Copying Books.cpp"; sourceTree = "<group>"; };
		28FAF4CE246AD78B00FCCA78 /* 0.2 UpperLowerBound.cpp */ = {isa = PBXFileReference; fileEncoding = 4; lastKnownFileType = sourcecode.cpp.cpp; path = "0.2 UpperLowerBound.cpp"; sourceTree = "<group>"; };
		28FAF4CF246AD78B00FCCA78 /* 2 PivotElement.cpp */ = {isa = PBXFileReference; fileEncoding = 4; lastKnownFileType = sourcecode.cpp.cpp; path = "2 PivotElement.cpp"; sourceTree = "<group>"; };
		28FAF4D0246AD78B00FCCA78 /* 5 Rotation Count in Rotated Sorted array.cpp */ = {isa = PBXFileReference; fileEncoding = 4; lastKnownFileType = sourcecode.cpp.cpp; path = "5 Rotation Count in Rotated Sorted array.cpp"; sourceTree = "<group>"; };
		28FAF4D1246AD78B00FCCA78 /* 6 Count elements <= X in a rotated array.cpp */ = {isa = PBXFileReference; fileEncoding = 4; lastKnownFileType = sourcecode.cpp.cpp; path = "6 Count elements <= X in a rotated array.cpp"; sourceTree = "<group>"; };
		28FAF4D2246AD78B00FCCA78 /* 3 Search in a Rotated Array.cpp */ = {isa = PBXFileReference; fileEncoding = 4; lastKnownFileType = sourcecode.cpp.cpp; path = "3 Search in a Rotated Array.cpp"; sourceTree = "<group>"; };
		28FAF4D3246AD78B00FCCA78 /* 4 Search in a Rotated Array w duplicates.cpp */ = {isa = PBXFileReference; fileEncoding = 4; lastKnownFileType = sourcecode.cpp.cpp; path = "4 Search in a Rotated Array w duplicates.cpp"; sourceTree = "<group>"; };
		28FAF4D4246AD78B00FCCA78 /* 0.1 binarySearch.cpp */ = {isa = PBXFileReference; fileEncoding = 4; lastKnownFileType = sourcecode.cpp.cpp; path = "0.1 binarySearch.cpp"; sourceTree = "<group>"; };
		28FAF4D5246AD78B00FCCA78 /* 0.3 STL UpperLowerBound.cpp */ = {isa = PBXFileReference; fileEncoding = 4; lastKnownFileType = sourcecode.cpp.cpp; path = "0.3 STL UpperLowerBound.cpp"; sourceTree = "<group>"; };
		28FAF4D6246AD78B00FCCA78 /* 9 Bishu And Soldiers.cpp */ = {isa = PBXFileReference; fileEncoding = 4; lastKnownFileType = sourcecode.cpp.cpp; path = "9 Bishu And Soldiers.cpp"; sourceTree = "<group>"; };
		28FAF4D7246AD78B00FCCA78 /* 8.1 Square Root using BS.cpp */ = {isa = PBXFileReference; fileEncoding = 4; lastKnownFileType = sourcecode.cpp.cpp; path = "8.1 Square Root using BS.cpp"; sourceTree = "<group>"; };
/* End PBXFileReference section */

/* Begin PBXFrameworksBuildPhase section */
		28ABEC25247EA5E40002539A /* Frameworks */ = {
			isa = PBXFrameworksBuildPhase;
			buildActionMask = 2147483647;
			files = (
			);
			runOnlyForDeploymentPostprocessing = 0;
		};
		28ABEC30248006F90002539A /* Frameworks */ = {
			isa = PBXFrameworksBuildPhase;
			buildActionMask = 2147483647;
			files = (
			);
			runOnlyForDeploymentPostprocessing = 0;
		};
		28FAF4A8246AD48100FCCA78 /* Frameworks */ = {
			isa = PBXFrameworksBuildPhase;
			buildActionMask = 2147483647;
			files = (
			);
			runOnlyForDeploymentPostprocessing = 0;
		};
		28FAF4C1246AD6F000FCCA78 /* Frameworks */ = {
			isa = PBXFrameworksBuildPhase;
			buildActionMask = 2147483647;
			files = (
			);
			runOnlyForDeploymentPostprocessing = 0;
		};
/* End PBXFrameworksBuildPhase section */

/* Begin PBXGroup section */
		28ABEC29247EA5E50002539A /* MergeSort */ = {
			isa = PBXGroup;
			children = (
				28ABEC2A247EA5E50002539A /* 0.1 MergeSort.cpp */,
			);
			path = MergeSort;
			sourceTree = "<group>";
		};
		28ABEC34248006F90002539A /* QuickSort */ = {
			isa = PBXGroup;
			children = (
				28ABEC35248006F90002539A /* 0.1 QuickSort.cpp */,
			);
			path = QuickSort;
			sourceTree = "<group>";
		};
		28FAF4A2246AD48000FCCA78 = {
			isa = PBXGroup;
			children = (
				28FAF4AD246AD48100FCCA78 /* Algorithms */,
				28FAF4C5246AD6F000FCCA78 /* Binary Search */,
				28ABEC29247EA5E50002539A /* MergeSort */,
				28ABEC34248006F90002539A /* QuickSort */,
				28FAF4AC246AD48100FCCA78 /* Products */,
			);
			sourceTree = "<group>";
		};
		28FAF4AC246AD48100FCCA78 /* Products */ = {
			isa = PBXGroup;
			children = (
				28FAF4AB246AD48100FCCA78 /* Algorithms */,
				28FAF4C4246AD6F000FCCA78 /* Binary Search */,
				28ABEC28247EA5E40002539A /* MergeSort */,
				28ABEC33248006F90002539A /* QuickSort */,
			);
			name = Products;
			sourceTree = "<group>";
		};
		28FAF4AD246AD48100FCCA78 /* Algorithms */ = {
			isa = PBXGroup;
			children = (
				28FAF4AE246AD48100FCCA78 /* startingFile.cpp */,
			);
			path = Algorithms;
			sourceTree = "<group>";
		};
		28FAF4C5246AD6F000FCCA78 /* Binary Search */ = {
			isa = PBXGroup;
			children = (
				28FAF4D4246AD78B00FCCA78 /* 0.1 binarySearch.cpp */,
				28FAF4CE246AD78B00FCCA78 /* 0.2 UpperLowerBound.cpp */,
				28FAF4D5246AD78B00FCCA78 /* 0.3 STL UpperLowerBound.cpp */,
				2866C3FB247C421B00243C28 /* 1 Find the element that appears once in sorted array.cpp */,
				28FAF4CF246AD78B00FCCA78 /* 2 PivotElement.cpp */,
				28FAF4D2246AD78B00FCCA78 /* 3 Search in a Rotated Array.cpp */,
				28FAF4D3246AD78B00FCCA78 /* 4 Search in a Rotated Array w duplicates.cpp */,
				28FAF4D0246AD78B00FCCA78 /* 5 Rotation Count in Rotated Sorted array.cpp */,
				28FAF4D1246AD78B00FCCA78 /* 6 Count elements <= X in a rotated array.cpp */,
				2866C3FD247D497C00243C28 /* 7 Find peak element in bitonic array.cpp */,
				2866C3FF247D49AE00243C28 /* 8 Find any peak element in an array.cpp */,
				28FAF4D7246AD78B00FCCA78 /* 8.1 Square Root using BS.cpp */,
				28FAF4CC246AD78B00FCCA78 /* 8.2 Exponentiation using BS.cpp */,
				28FAF4D6246AD78B00FCCA78 /* 9 Bishu And Soldiers.cpp */,
				28FAF4CB246AD78B00FCCA78 /* 10 Aggressive cows.cpp */,
				28FAF4CD246AD78B00FCCA78 /* 11 BOOKS1 - Copying Books.cpp */,
				28EDE796246DF63F001DBA4F /* 11.1 Allocate minimum number of pages .cpp */,
				28EDE798246E8204001DBA4F /* 12 The Painter's Partition Problem.cpp */,
				28EDE794246BE457001DBA4F /* temp.cpp */,
			);
			path = "Binary Search";
			sourceTree = "<group>";
		};
/* End PBXGroup section */

/* Begin PBXNativeTarget section */
		28ABEC27247EA5E40002539A /* MergeSort */ = {
			isa = PBXNativeTarget;
			buildConfigurationList = 28ABEC2E247EA5E50002539A /* Build configuration list for PBXNativeTarget "MergeSort" */;
			buildPhases = (
				28ABEC24247EA5E40002539A /* Sources */,
				28ABEC25247EA5E40002539A /* Frameworks */,
				28ABEC26247EA5E40002539A /* CopyFiles */,
			);
			buildRules = (
			);
			dependencies = (
			);
			name = MergeSort;
			productName = MergeSort;
			productReference = 28ABEC28247EA5E40002539A /* MergeSort */;
			productType = "com.apple.product-type.tool";
		};
		28ABEC32248006F90002539A /* QuickSort */ = {
			isa = PBXNativeTarget;
			buildConfigurationList = 28ABEC37248006F90002539A /* Build configuration list for PBXNativeTarget "QuickSort" */;
			buildPhases = (
				28ABEC2F248006F90002539A /* Sources */,
				28ABEC30248006F90002539A /* Frameworks */,
				28ABEC31248006F90002539A /* CopyFiles */,
			);
			buildRules = (
			);
			dependencies = (
			);
			name = QuickSort;
			productName = QuickSort;
			productReference = 28ABEC33248006F90002539A /* QuickSort */;
			productType = "com.apple.product-type.tool";
		};
		28FAF4AA246AD48100FCCA78 /* Algorithms */ = {
			isa = PBXNativeTarget;
			buildConfigurationList = 28FAF4B2246AD48100FCCA78 /* Build configuration list for PBXNativeTarget "Algorithms" */;
			buildPhases = (
				28FAF4A7246AD48100FCCA78 /* Sources */,
				28FAF4A8246AD48100FCCA78 /* Frameworks */,
				28FAF4A9246AD48100FCCA78 /* CopyFiles */,
			);
			buildRules = (
			);
			dependencies = (
			);
			name = Algorithms;
			productName = Algorithms;
			productReference = 28FAF4AB246AD48100FCCA78 /* Algorithms */;
			productType = "com.apple.product-type.tool";
		};
		28FAF4C3246AD6F000FCCA78 /* Binary Search */ = {
			isa = PBXNativeTarget;
			buildConfigurationList = 28FAF4C8246AD6F100FCCA78 /* Build configuration list for PBXNativeTarget "Binary Search" */;
			buildPhases = (
				28FAF4C0246AD6F000FCCA78 /* Sources */,
				28FAF4C1246AD6F000FCCA78 /* Frameworks */,
				28FAF4C2246AD6F000FCCA78 /* CopyFiles */,
			);
			buildRules = (
			);
			dependencies = (
			);
			name = "Binary Search";
			productName = "Binary Search";
			productReference = 28FAF4C4246AD6F000FCCA78 /* Binary Search */;
			productType = "com.apple.product-type.tool";
		};
/* End PBXNativeTarget section */

/* Begin PBXProject section */
		28FAF4A3246AD48000FCCA78 /* Project object */ = {
			isa = PBXProject;
			attributes = {
				LastUpgradeCheck = 1140;
				ORGANIZATIONNAME = "Ravi Rathee";
				TargetAttributes = {
					28ABEC27247EA5E40002539A = {
						CreatedOnToolsVersion = 11.4.1;
					};
					28ABEC32248006F90002539A = {
						CreatedOnToolsVersion = 11.4.1;
					};
					28FAF4AA246AD48100FCCA78 = {
						CreatedOnToolsVersion = 11.4.1;
					};
					28FAF4C3246AD6F000FCCA78 = {
						CreatedOnToolsVersion = 11.4.1;
					};
				};
			};
			buildConfigurationList = 28FAF4A6246AD48000FCCA78 /* Build configuration list for PBXProject "Algorithms" */;
			compatibilityVersion = "Xcode 9.3";
			developmentRegion = en;
			hasScannedForEncodings = 0;
			knownRegions = (
				en,
				Base,
			);
			mainGroup = 28FAF4A2246AD48000FCCA78;
			productRefGroup = 28FAF4AC246AD48100FCCA78 /* Products */;
			projectDirPath = "";
			projectRoot = "";
			targets = (
				28FAF4AA246AD48100FCCA78 /* Algorithms */,
				28FAF4C3246AD6F000FCCA78 /* Binary Search */,
				28ABEC27247EA5E40002539A /* MergeSort */,
				28ABEC32248006F90002539A /* QuickSort */,
			);
		};
/* End PBXProject section */

/* Begin PBXSourcesBuildPhase section */
		28ABEC24247EA5E40002539A /* Sources */ = {
			isa = PBXSourcesBuildPhase;
			buildActionMask = 2147483647;
			files = (
				28ABEC2B247EA5E50002539A /* 0.1 MergeSort.cpp in Sources */,
			);
			runOnlyForDeploymentPostprocessing = 0;
		};
		28ABEC2F248006F90002539A /* Sources */ = {
			isa = PBXSourcesBuildPhase;
			buildActionMask = 2147483647;
			files = (
				28ABEC36248006F90002539A /* 0.1 QuickSort.cpp in Sources */,
			);
			runOnlyForDeploymentPostprocessing = 0;
		};
		28FAF4A7246AD48100FCCA78 /* Sources */ = {
			isa = PBXSourcesBuildPhase;
			buildActionMask = 2147483647;
			files = (
				28FAF4AF246AD48100FCCA78 /* startingFile.cpp in Sources */,
			);
			runOnlyForDeploymentPostprocessing = 0;
		};
		28FAF4C0246AD6F000FCCA78 /* Sources */ = {
			isa = PBXSourcesBuildPhase;
			buildActionMask = 2147483647;
			files = (
				28FAF4DA246AD78B00FCCA78 /* 11 BOOKS1 - Copying Books.cpp in Sources */,
				28FAF4E4246AD78B00FCCA78 /* 8.1 Square Root using BS.cpp in Sources */,
				28FAF4DF246AD78B00FCCA78 /* 3 Search in a Rotated Array.cpp in Sources */,
				28EDE797246DF63F001DBA4F /* 11.1 Allocate minimum number of pages .cpp in Sources */,
				28FAF4D9246AD78B00FCCA78 /* 8.2 Exponentiation using BS.cpp in Sources */,
				2866C400247D49AE00243C28 /* 8 Find any peak element in an array.cpp in Sources */,
				2866C3FC247C421B00243C28 /* 1 Find the element that appears once in sorted array.cpp in Sources */,
				28FAF4DE246AD78B00FCCA78 /* 6 Count elements <= X in a rotated array.cpp in Sources */,
				28FAF4E2246AD78B00FCCA78 /* 0.3 STL UpperLowerBound.cpp in Sources */,
				28FAF4E1246AD78B00FCCA78 /* 0.1 binarySearch.cpp in Sources */,
				28EDE799246E8204001DBA4F /* 12 The Painter's Partition Problem.cpp in Sources */,
				28FAF4E0246AD78B00FCCA78 /* 4 Search in a Rotated Array w duplicates.cpp in Sources */,
				28FAF4E3246AD78B00FCCA78 /* 9 Bishu And Soldiers.cpp in Sources */,
				28EDE795246BE457001DBA4F /* temp.cpp in Sources */,
				28FAF4DB246AD78B00FCCA78 /* 0.2 UpperLowerBound.cpp in Sources */,
				2866C3FE247D497C00243C28 /* 7 Find peak element in bitonic array.cpp in Sources */,
				28FAF4DD246AD78B00FCCA78 /* 5 Rotation Count in Rotated Sorted array.cpp in Sources */,
				28FAF4DC246AD78B00FCCA78 /* 2 PivotElement.cpp in Sources */,
				28FAF4D8246AD78B00FCCA78 /* 10 Aggressive cows.cpp in Sources */,
			);
			runOnlyForDeploymentPostprocessing = 0;
		};
/* End PBXSourcesBuildPhase section */

/* Begin XCBuildConfiguration section */
		28ABEC2C247EA5E50002539A /* Debug */ = {
			isa = XCBuildConfiguration;
			buildSettings = {
				CODE_SIGN_STYLE = Automatic;
				PRODUCT_NAME = "$(TARGET_NAME)";
			};
			name = Debug;
		};
		28ABEC2D247EA5E50002539A /* Release */ = {
			isa = XCBuildConfiguration;
			buildSettings = {
				CODE_SIGN_STYLE = Automatic;
				PRODUCT_NAME = "$(TARGET_NAME)";
			};
			name = Release;
		};
		28ABEC38248006F90002539A /* Debug */ = {
			isa = XCBuildConfiguration;
			buildSettings = {
				CODE_SIGN_STYLE = Automatic;
				PRODUCT_NAME = "$(TARGET_NAME)";
			};
			name = Debug;
		};
		28ABEC39248006F90002539A /* Release */ = {
			isa = XCBuildConfiguration;
			buildSettings = {
				CODE_SIGN_STYLE = Automatic;
				PRODUCT_NAME = "$(TARGET_NAME)";
			};
			name = Release;
		};
		28FAF4B0246AD48100FCCA78 /* Debug */ = {
			isa = XCBuildConfiguration;
			buildSettings = {
				ALWAYS_SEARCH_USER_PATHS = NO;
				CLANG_ANALYZER_NONNULL = YES;
				CLANG_ANALYZER_NUMBER_OBJECT_CONVERSION = YES_AGGRESSIVE;
				CLANG_CXX_LANGUAGE_STANDARD = "gnu++14";
				CLANG_CXX_LIBRARY = "libc++";
				CLANG_ENABLE_MODULES = YES;
				CLANG_ENABLE_OBJC_ARC = YES;
				CLANG_ENABLE_OBJC_WEAK = YES;
				CLANG_WARN_BLOCK_CAPTURE_AUTORELEASING = YES;
				CLANG_WARN_BOOL_CONVERSION = YES;
				CLANG_WARN_COMMA = YES;
				CLANG_WARN_CONSTANT_CONVERSION = YES;
				CLANG_WARN_DEPRECATED_OBJC_IMPLEMENTATIONS = YES;
				CLANG_WARN_DIRECT_OBJC_ISA_USAGE = YES_ERROR;
				CLANG_WARN_DOCUMENTATION_COMMENTS = YES;
				CLANG_WARN_EMPTY_BODY = YES;
				CLANG_WARN_ENUM_CONVERSION = YES;
				CLANG_WARN_INFINITE_RECURSION = YES;
				CLANG_WARN_INT_CONVERSION = YES;
				CLANG_WARN_NON_LITERAL_NULL_CONVERSION = YES;
				CLANG_WARN_OBJC_IMPLICIT_RETAIN_SELF = YES;
				CLANG_WARN_OBJC_LITERAL_CONVERSION = YES;
				CLANG_WARN_OBJC_ROOT_CLASS = YES_ERROR;
				CLANG_WARN_RANGE_LOOP_ANALYSIS = YES;
				CLANG_WARN_STRICT_PROTOTYPES = YES;
				CLANG_WARN_SUSPICIOUS_MOVE = YES;
				CLANG_WARN_UNGUARDED_AVAILABILITY = YES_AGGRESSIVE;
				CLANG_WARN_UNREACHABLE_CODE = YES;
				CLANG_WARN__DUPLICATE_METHOD_MATCH = YES;
				COPY_PHASE_STRIP = NO;
				DEBUG_INFORMATION_FORMAT = dwarf;
				ENABLE_STRICT_OBJC_MSGSEND = YES;
				ENABLE_TESTABILITY = YES;
				GCC_C_LANGUAGE_STANDARD = gnu11;
				GCC_DYNAMIC_NO_PIC = NO;
				GCC_NO_COMMON_BLOCKS = YES;
				GCC_OPTIMIZATION_LEVEL = 0;
				GCC_PREPROCESSOR_DEFINITIONS = (
					"DEBUG=1",
					"$(inherited)",
				);
				GCC_WARN_64_TO_32_BIT_CONVERSION = YES;
				GCC_WARN_ABOUT_RETURN_TYPE = YES_ERROR;
				GCC_WARN_UNDECLARED_SELECTOR = YES;
				GCC_WARN_UNINITIALIZED_AUTOS = YES_AGGRESSIVE;
				GCC_WARN_UNUSED_FUNCTION = YES;
				GCC_WARN_UNUSED_VARIABLE = YES;
				MACOSX_DEPLOYMENT_TARGET = 10.15;
				MTL_ENABLE_DEBUG_INFO = INCLUDE_SOURCE;
				MTL_FAST_MATH = YES;
				ONLY_ACTIVE_ARCH = YES;
				SDKROOT = macosx;
			};
			name = Debug;
		};
		28FAF4B1246AD48100FCCA78 /* Release */ = {
			isa = XCBuildConfiguration;
			buildSettings = {
				ALWAYS_SEARCH_USER_PATHS = NO;
				CLANG_ANALYZER_NONNULL = YES;
				CLANG_ANALYZER_NUMBER_OBJECT_CONVERSION = YES_AGGRESSIVE;
				CLANG_CXX_LANGUAGE_STANDARD = "gnu++14";
				CLANG_CXX_LIBRARY = "libc++";
				CLANG_ENABLE_MODULES = YES;
				CLANG_ENABLE_OBJC_ARC = YES;
				CLANG_ENABLE_OBJC_WEAK = YES;
				CLANG_WARN_BLOCK_CAPTURE_AUTORELEASING = YES;
				CLANG_WARN_BOOL_CONVERSION = YES;
				CLANG_WARN_COMMA = YES;
				CLANG_WARN_CONSTANT_CONVERSION = YES;
				CLANG_WARN_DEPRECATED_OBJC_IMPLEMENTATIONS = YES;
				CLANG_WARN_DIRECT_OBJC_ISA_USAGE = YES_ERROR;
				CLANG_WARN_DOCUMENTATION_COMMENTS = YES;
				CLANG_WARN_EMPTY_BODY = YES;
				CLANG_WARN_ENUM_CONVERSION = YES;
				CLANG_WARN_INFINITE_RECURSION = YES;
				CLANG_WARN_INT_CONVERSION = YES;
				CLANG_WARN_NON_LITERAL_NULL_CONVERSION = YES;
				CLANG_WARN_OBJC_IMPLICIT_RETAIN_SELF = YES;
				CLANG_WARN_OBJC_LITERAL_CONVERSION = YES;
				CLANG_WARN_OBJC_ROOT_CLASS = YES_ERROR;
				CLANG_WARN_RANGE_LOOP_ANALYSIS = YES;
				CLANG_WARN_STRICT_PROTOTYPES = YES;
				CLANG_WARN_SUSPICIOUS_MOVE = YES;
				CLANG_WARN_UNGUARDED_AVAILABILITY = YES_AGGRESSIVE;
				CLANG_WARN_UNREACHABLE_CODE = YES;
				CLANG_WARN__DUPLICATE_METHOD_MATCH = YES;
				COPY_PHASE_STRIP = NO;
				DEBUG_INFORMATION_FORMAT = "dwarf-with-dsym";
				ENABLE_NS_ASSERTIONS = NO;
				ENABLE_STRICT_OBJC_MSGSEND = YES;
				GCC_C_LANGUAGE_STANDARD = gnu11;
				GCC_NO_COMMON_BLOCKS = YES;
				GCC_WARN_64_TO_32_BIT_CONVERSION = YES;
				GCC_WARN_ABOUT_RETURN_TYPE = YES_ERROR;
				GCC_WARN_UNDECLARED_SELECTOR = YES;
				GCC_WARN_UNINITIALIZED_AUTOS = YES_AGGRESSIVE;
				GCC_WARN_UNUSED_FUNCTION = YES;
				GCC_WARN_UNUSED_VARIABLE = YES;
				MACOSX_DEPLOYMENT_TARGET = 10.15;
				MTL_ENABLE_DEBUG_INFO = NO;
				MTL_FAST_MATH = YES;
				SDKROOT = macosx;
			};
			name = Release;
		};
		28FAF4B3246AD48100FCCA78 /* Debug */ = {
			isa = XCBuildConfiguration;
			buildSettings = {
				CODE_SIGN_STYLE = Automatic;
				PRODUCT_NAME = "$(TARGET_NAME)";
			};
			name = Debug;
		};
		28FAF4B4246AD48100FCCA78 /* Release */ = {
			isa = XCBuildConfiguration;
			buildSettings = {
				CODE_SIGN_STYLE = Automatic;
				PRODUCT_NAME = "$(TARGET_NAME)";
			};
			name = Release;
		};
		28FAF4C9246AD6F100FCCA78 /* Debug */ = {
			isa = XCBuildConfiguration;
			buildSettings = {
				CODE_SIGN_STYLE = Automatic;
				PRODUCT_NAME = "$(TARGET_NAME)";
			};
			name = Debug;
		};
		28FAF4CA246AD6F100FCCA78 /* Release */ = {
			isa = XCBuildConfiguration;
			buildSettings = {
				CODE_SIGN_STYLE = Automatic;
				PRODUCT_NAME = "$(TARGET_NAME)";
			};
			name = Release;
		};
/* End XCBuildConfiguration section */

/* Begin XCConfigurationList section */
		28ABEC2E247EA5E50002539A /* Build configuration list for PBXNativeTarget "MergeSort" */ = {
			isa = XCConfigurationList;
			buildConfigurations = (
				28ABEC2C247EA5E50002539A /* Debug */,
				28ABEC2D247EA5E50002539A /* Release */,
			);
			defaultConfigurationIsVisible = 0;
			defaultConfigurationName = Release;
		};
		28ABEC37248006F90002539A /* Build configuration list for PBXNativeTarget "QuickSort" */ = {
			isa = XCConfigurationList;
			buildConfigurations = (
				28ABEC38248006F90002539A /* Debug */,
				28ABEC39248006F90002539A /* Release */,
			);
			defaultConfigurationIsVisible = 0;
			defaultConfigurationName = Release;
		};
		28FAF4A6246AD48000FCCA78 /* Build configuration list for PBXProject "Algorithms" */ = {
			isa = XCConfigurationList;
			buildConfigurations = (
				28FAF4B0246AD48100FCCA78 /* Debug */,
				28FAF4B1246AD48100FCCA78 /* Release */,
			);
			defaultConfigurationIsVisible = 0;
			defaultConfigurationName = Release;
		};
		28FAF4B2246AD48100FCCA78 /* Build configuration list for PBXNativeTarget "Algorithms" */ = {
			isa = XCConfigurationList;
			buildConfigurations = (
				28FAF4B3246AD48100FCCA78 /* Debug */,
				28FAF4B4246AD48100FCCA78 /* Release */,
			);
			defaultConfigurationIsVisible = 0;
			defaultConfigurationName = Release;
		};
		28FAF4C8246AD6F100FCCA78 /* Build configuration list for PBXNativeTarget "Binary Search" */ = {
			isa = XCConfigurationList;
			buildConfigurations = (
				28FAF4C9246AD6F100FCCA78 /* Debug */,
				28FAF4CA246AD6F100FCCA78 /* Release */,
			);
			defaultConfigurationIsVisible = 0;
			defaultConfigurationName = Release;
		};
/* End XCConfigurationList section */
	};
	rootObject = 28FAF4A3246AD48000FCCA78 /* Project object */;
}
